
Microsoft Visual Studio Solution File, Format Version 12.00
# Visual Studio 15
VisualStudioVersion = 15.0.27130.2003
MinimumVisualStudioVersion = 10.0.40219.1
Project("{9A19103F-16F7-4668-BE54-9A1E7A4F7556}") = "WendingDomain", "WendingDomain\WendingDomain.csproj", "{A0DDA167-2875-468D-A8C7-F9BF935B81C2}"
EndProject
Project("{2150E333-8FDC-42A3-9474-1A3956D46DE8}") = "DAL", "DAL", "{D8615281-A437-4CC7-8A3A-5AB622EF8193}"
EndProject
Project("{2150E333-8FDC-42A3-9474-1A3956D46DE8}") = "BLL", "BLL", "{4F1CF10E-BCB6-41FA-B573-CCAE46EDBD7D}"
EndProject
Project("{2150E333-8FDC-42A3-9474-1A3956D46DE8}") = "UI", "UI", "{DCEA218F-35D2-46D4-B2CB-F1B4388A5B04}"
EndProject
Project("{9A19103F-16F7-4668-BE54-9A1E7A4F7556}") = "WendingDomain.Data", "WendingDomain.Data\WendingDomain.Data.csproj", "{B92445D6-A6FF-447C-A4C7-025353BBE360}"
EndProject
Project("{2150E333-8FDC-42A3-9474-1A3956D46DE8}") = "ComponentRegistrar", "ComponentRegistrar", "{57B28E01-14A3-4688-B20F-3C0076105AFA}"
EndProject
Project("{2150E333-8FDC-42A3-9474-1A3956D46DE8}") = "WebApiServices", "WebApiServices", "{9DDCF71D-9FF1-47D2-85BF-B15DB8100576}"
EndProject
Project("{9A19103F-16F7-4668-BE54-9A1E7A4F7556}") = "ServiceCollectionExtensions", "ServiceCollectionExtensions\ServiceCollectionExtensions.csproj", "{CDBACC6A-CF53-4000-ACFF-8BDC858C41BC}"
EndProject
Project("{9A19103F-16F7-4668-BE54-9A1E7A4F7556}") = "AppServices", "AppServices\AppServices.csproj", "{2A747CD3-C379-4E19-A83A-5543316FD47A}"
EndProject
Project("{9A19103F-16F7-4668-BE54-9A1E7A4F7556}") = "WebApi.Contracts", "WebApi.Contracts\WebApi.Contracts.csproj", "{2B6CE5D7-1710-46DB-ACC8-EDDAAAF3704C}"
EndProject
Project("{9A19103F-16F7-4668-BE54-9A1E7A4F7556}") = "Wending.Api", "Wending.Api\Wending.Api.csproj", "{D54B6427-0A87-4982-8D3D-3FE9714796B7}"
EndProject
Project("{9A19103F-16F7-4668-BE54-9A1E7A4F7556}") = "WebUi", "WebUi\WebUi.csproj", "{324C3A86-F29C-4BAF-8E43-F36D2C94B7AA}"
EndProject
Global
	GlobalSection(SolutionConfigurationPlatforms) = preSolution
		Debug|Any CPU = Debug|Any CPU
		Release|Any CPU = Release|Any CPU
	EndGlobalSection
	GlobalSection(ProjectConfigurationPlatforms) = postSolution
		{A0DDA167-2875-468D-A8C7-F9BF935B81C2}.Debug|Any CPU.ActiveCfg = Debug|Any CPU
		{A0DDA167-2875-468D-A8C7-F9BF935B81C2}.Debug|Any CPU.Build.0 = Debug|Any CPU
		{A0DDA167-2875-468D-A8C7-F9BF935B81C2}.Release|Any CPU.ActiveCfg = Release|Any CPU
		{A0DDA167-2875-468D-A8C7-F9BF935B81C2}.Release|Any CPU.Build.0 = Release|Any CPU
		{B92445D6-A6FF-447C-A4C7-025353BBE360}.Debug|Any CPU.ActiveCfg = Debug|Any CPU
		{B92445D6-A6FF-447C-A4C7-025353BBE360}.Debug|Any CPU.Build.0 = Debug|Any CPU
		{B92445D6-A6FF-447C-A4C7-025353BBE360}.Release|Any CPU.ActiveCfg = Release|Any CPU
		{B92445D6-A6FF-447C-A4C7-025353BBE360}.Release|Any CPU.Build.0 = Release|Any CPU
		{CDBACC6A-CF53-4000-ACFF-8BDC858C41BC}.Debug|Any CPU.ActiveCfg = Debug|Any CPU
		{CDBACC6A-CF53-4000-ACFF-8BDC858C41BC}.Debug|Any CPU.Build.0 = Debug|Any CPU
		{CDBACC6A-CF53-4000-ACFF-8BDC858C41BC}.Release|Any CPU.ActiveCfg = Release|Any CPU
		{CDBACC6A-CF53-4000-ACFF-8BDC858C41BC}.Release|Any CPU.Build.0 = Release|Any CPU
		{2A747CD3-C379-4E19-A83A-5543316FD47A}.Debug|Any CPU.ActiveCfg = Debug|Any CPU
		{2A747CD3-C379-4E19-A83A-5543316FD47A}.Debug|Any CPU.Build.0 = Debug|Any CPU
		{2A747CD3-C379-4E19-A83A-5543316FD47A}.Release|Any CPU.ActiveCfg = Release|Any CPU
		{2A747CD3-C379-4E19-A83A-5543316FD47A}.Release|Any CPU.Build.0 = Release|Any CPU
		{2B6CE5D7-1710-46DB-ACC8-EDDAAAF3704C}.Debug|Any CPU.ActiveCfg = Debug|Any CPU
		{2B6CE5D7-1710-46DB-ACC8-EDDAAAF3704C}.Debug|Any CPU.Build.0 = Debug|Any CPU
		{2B6CE5D7-1710-46DB-ACC8-EDDAAAF3704C}.Release|Any CPU.ActiveCfg = Release|Any CPU
		{2B6CE5D7-1710-46DB-ACC8-EDDAAAF3704C}.Release|Any CPU.Build.0 = Release|Any CPU
		{D54B6427-0A87-4982-8D3D-3FE9714796B7}.Debug|Any CPU.ActiveCfg = Debug|Any CPU
		{D54B6427-0A87-4982-8D3D-3FE9714796B7}.Debug|Any CPU.Build.0 = Debug|Any CPU
		{D54B6427-0A87-4982-8D3D-3FE9714796B7}.Release|Any CPU.ActiveCfg = Release|Any CPU
		{D54B6427-0A87-4982-8D3D-3FE9714796B7}.Release|Any CPU.Build.0 = Release|Any CPU
		{324C3A86-F29C-4BAF-8E43-F36D2C94B7AA}.Debug|Any CPU.ActiveCfg = Debug|Any CPU
		{324C3A86-F29C-4BAF-8E43-F36D2C94B7AA}.Debug|Any CPU.Build.0 = Debug|Any CPU
		{324C3A86-F29C-4BAF-8E43-F36D2C94B7AA}.Release|Any CPU.ActiveCfg = Release|Any CPU
		{324C3A86-F29C-4BAF-8E43-F36D2C94B7AA}.Release|Any CPU.Build.0 = Release|Any CPU
	EndGlobalSection
	GlobalSection(SolutionProperties) = preSolution
		HideSolutionNode = FALSE
	EndGlobalSection
	GlobalSection(NestedProjects) = preSolution
		{A0DDA167-2875-468D-A8C7-F9BF935B81C2} = {D8615281-A437-4CC7-8A3A-5AB622EF8193}
		{B92445D6-A6FF-447C-A4C7-025353BBE360} = {D8615281-A437-4CC7-8A3A-5AB622EF8193}
		{57B28E01-14A3-4688-B20F-3C0076105AFA} = {4F1CF10E-BCB6-41FA-B573-CCAE46EDBD7D}
		{9DDCF71D-9FF1-47D2-85BF-B15DB8100576} = {4F1CF10E-BCB6-41FA-B573-CCAE46EDBD7D}
		{CDBACC6A-CF53-4000-ACFF-8BDC858C41BC} = {57B28E01-14A3-4688-B20F-3C0076105AFA}
		{2A747CD3-C379-4E19-A83A-5543316FD47A} = {4F1CF10E-BCB6-41FA-B573-CCAE46EDBD7D}
		{2B6CE5D7-1710-46DB-ACC8-EDDAAAF3704C} = {4F1CF10E-BCB6-41FA-B573-CCAE46EDBD7D}
		{D54B6427-0A87-4982-8D3D-3FE9714796B7} = {9DDCF71D-9FF1-47D2-85BF-B15DB8100576}
		{324C3A86-F29C-4BAF-8E43-F36D2C94B7AA} = {DCEA218F-35D2-46D4-B2CB-F1B4388A5B04}
	EndGlobalSection
	GlobalSection(ExtensibilityGlobals) = postSolution
		SolutionGuid = {F3C6BA21-BA4C-4A90-9A9E-C997DE093DB8}
	EndGlobalSection
EndGlobal
